
Microsoft Visual Studio Solution File, Format Version 12.00
# Visual Studio Version 17
VisualStudioVersion = 17.5.002.0
MinimumVisualStudioVersion = 10.0.40219.1
Project("{2150E333-8FDC-42A3-9474-1A3956D46DE8}") = "csharp-prep", "csharp-prep", "{01363C96-E0D0-46D3-9227-425ABD76662B}"
EndProject
Project("{9A19103F-16F7-4668-BE54-9A1E7A4F7556}") = "Prep1", "csharp-prep\Prep1\Prep1.csproj", "{53368861-9050-42F0-ADF1-8654E15570F8}"
EndProject
Project("{9A19103F-16F7-4668-BE54-9A1E7A4F7556}") = "Prep2", "csharp-prep\Prep2\Prep2.csproj", "{A289C4D0-3336-4476-963F-DE3F8A023113}"
EndProject
Project("{9A19103F-16F7-4668-BE54-9A1E7A4F7556}") = "Prep3", "csharp-prep\Prep3\Prep3.csproj", "{47563AE7-F49D-4298-AB5E-3E49E7C05A89}"
EndProject
Project("{9A19103F-16F7-4668-BE54-9A1E7A4F7556}") = "Prep4", "csharp-prep\Prep4\Prep4.csproj", "{44E17CD7-401C-49C5-84E8-E15F4CE34279}"
EndProject
Project("{9A19103F-16F7-4668-BE54-9A1E7A4F7556}") = "Prep5", "csharp-prep\Prep5\Prep5.csproj", "{A9E4595B-40B1-4833-93F6-99683794B0A1}"
EndProject
Project("{2150E333-8FDC-42A3-9474-1A3956D46DE8}") = "final", "final", "{33784108-976B-4911-9DA7-2B0A1D529B33}"
EndProject
Project("{9A19103F-16F7-4668-BE54-9A1E7A4F7556}") = "FinalProject", "final\FinalProject\FinalProject.csproj", "{DBDA4116-AFBA-44DE-BE7B-6BCDEA9E65ED}"
EndProject
Project("{9A19103F-16F7-4668-BE54-9A1E7A4F7556}") = "Foundation1", "final\Foundation1\Foundation1.csproj", "{7D462F0D-AC9F-46DA-9A82-2A0C298B73EB}"
EndProject
Project("{9A19103F-16F7-4668-BE54-9A1E7A4F7556}") = "Foundation2", "final\Foundation2\Foundation2.csproj", "{C1AEACE4-8A8F-4F84-989C-2109C09CA195}"
EndProject
Project("{9A19103F-16F7-4668-BE54-9A1E7A4F7556}") = "Foundation3", "final\Foundation3\Foundation3.csproj", "{3619A27C-C63C-48F8-B7B5-40994982DA36}"
EndProject
Project("{9A19103F-16F7-4668-BE54-9A1E7A4F7556}") = "Foundation4", "final\Foundation4\Foundation4.csproj", "{D30D52CD-33F8-44E9-872E-74AFDA0149D0}"
EndProject
Project("{2150E333-8FDC-42A3-9474-1A3956D46DE8}") = "prepare", "prepare", "{B10F3152-A18F-471C-95F6-B55DB4374D41}"
EndProject
Project("{9A19103F-16F7-4668-BE54-9A1E7A4F7556}") = "Learning02", "prepare\Learning02\Learning02.csproj", "{D437ED7E-9BE5-48AD-B170-404D96CCD338}"
EndProject
Project("{9A19103F-16F7-4668-BE54-9A1E7A4F7556}") = "Learning03", "prepare\Learning03\Learning03.csproj", "{2D9D604D-6765-4AD8-9FD4-D314847E2837}"
EndProject
Project("{9A19103F-16F7-4668-BE54-9A1E7A4F7556}") = "Learning04", "prepare\Learning04\Learning04.csproj", "{459C88A1-FAEA-478D-94C5-A76AD27374ED}"
EndProject
Project("{9A19103F-16F7-4668-BE54-9A1E7A4F7556}") = "Learning05", "prepare\Learning05\Learning05.csproj", "{ED74F342-CC21-448D-B7B8-97511A34BF1A}"
EndProject
Project("{2150E333-8FDC-42A3-9474-1A3956D46DE8}") = "prove", "prove", "{93122274-AAF2-4668-B183-1AE1BFFB3952}"
EndProject
Project("{9A19103F-16F7-4668-BE54-9A1E7A4F7556}") = "Develop02", "prove\Develop02\Develop02.csproj", "{C5CF9650-D008-48BA-869E-71636D588F4D}"
EndProject
Project("{9A19103F-16F7-4668-BE54-9A1E7A4F7556}") = "Develop03", "prove\Develop03\Develop03.csproj", "{C2D94FC1-5905-47CF-B960-3C84B8D0DB8F}"
EndProject
Project("{9A19103F-16F7-4668-BE54-9A1E7A4F7556}") = "Develop04", "prove\Develop04\Develop04.csproj", "{418E3A99-7419-46C7-83BD-6F2891D4CF99}"
EndProject
Project("{9A19103F-16F7-4668-BE54-9A1E7A4F7556}") = "Develop05", "prove\Develop05\Develop05.csproj", "{AFD7F538-D701-4182-A425-350E8F9A10E5}"
EndProject
Project("{2150E333-8FDC-42A3-9474-1A3956D46DE8}") = "sandbox", "sandbox", "{DD2E00A3-E74A-4957-BED5-B838C3CF21B7}"
EndProject
Project("{9A19103F-16F7-4668-BE54-9A1E7A4F7556}") = "Sandbox", "sandbox\Sandbox\Sandbox.csproj", "{87A06087-0742-4702-BCB1-6F7A9F097E10}"
EndProject
Global
	GlobalSection(SolutionConfigurationPlatforms) = preSolution
		Debug|Any CPU = Debug|Any CPU
		Release|Any CPU = Release|Any CPU
	EndGlobalSection
	GlobalSection(ProjectConfigurationPlatforms) = postSolution
		{53368861-9050-42F0-ADF1-8654E15570F8}.Debug|Any CPU.ActiveCfg = Debug|Any CPU
		{53368861-9050-42F0-ADF1-8654E15570F8}.Debug|Any CPU.Build.0 = Debug|Any CPU
		{53368861-9050-42F0-ADF1-8654E15570F8}.Release|Any CPU.ActiveCfg = Release|Any CPU
		{53368861-9050-42F0-ADF1-8654E15570F8}.Release|Any CPU.Build.0 = Release|Any CPU
		{A289C4D0-3336-4476-963F-DE3F8A023113}.Debug|Any CPU.ActiveCfg = Debug|Any CPU
		{A289C4D0-3336-4476-963F-DE3F8A023113}.Debug|Any CPU.Build.0 = Debug|Any CPU
		{A289C4D0-3336-4476-963F-DE3F8A023113}.Release|Any CPU.ActiveCfg = Release|Any CPU
		{A289C4D0-3336-4476-963F-DE3F8A023113}.Release|Any CPU.Build.0 = Release|Any CPU
		{47563AE7-F49D-4298-AB5E-3E49E7C05A89}.Debug|Any CPU.ActiveCfg = Debug|Any CPU
		{47563AE7-F49D-4298-AB5E-3E49E7C05A89}.Debug|Any CPU.Build.0 = Debug|Any CPU
		{47563AE7-F49D-4298-AB5E-3E49E7C05A89}.Release|Any CPU.ActiveCfg = Release|Any CPU
		{47563AE7-F49D-4298-AB5E-3E49E7C05A89}.Release|Any CPU.Build.0 = Release|Any CPU
		{44E17CD7-401C-49C5-84E8-E15F4CE34279}.Debug|Any CPU.ActiveCfg = Debug|Any CPU
		{44E17CD7-401C-49C5-84E8-E15F4CE34279}.Debug|Any CPU.Build.0 = Debug|Any CPU
		{44E17CD7-401C-49C5-84E8-E15F4CE34279}.Release|Any CPU.ActiveCfg = Release|Any CPU
		{44E17CD7-401C-49C5-84E8-E15F4CE34279}.Release|Any CPU.Build.0 = Release|Any CPU
		{A9E4595B-40B1-4833-93F6-99683794B0A1}.Debug|Any CPU.ActiveCfg = Debug|Any CPU
		{A9E4595B-40B1-4833-93F6-99683794B0A1}.Debug|Any CPU.Build.0 = Debug|Any CPU
		{A9E4595B-40B1-4833-93F6-99683794B0A1}.Release|Any CPU.ActiveCfg = Release|Any CPU
		{A9E4595B-40B1-4833-93F6-99683794B0A1}.Release|Any CPU.Build.0 = Release|Any CPU
		{DBDA4116-AFBA-44DE-BE7B-6BCDEA9E65ED}.Debug|Any CPU.ActiveCfg = Debug|Any CPU
		{DBDA4116-AFBA-44DE-BE7B-6BCDEA9E65ED}.Debug|Any CPU.Build.0 = Debug|Any CPU
		{DBDA4116-AFBA-44DE-BE7B-6BCDEA9E65ED}.Release|Any CPU.ActiveCfg = Release|Any CPU
		{DBDA4116-AFBA-44DE-BE7B-6BCDEA9E65ED}.Release|Any CPU.Build.0 = Release|Any CPU
		{7D462F0D-AC9F-46DA-9A82-2A0C298B73EB}.Debug|Any CPU.ActiveCfg = Debug|Any CPU
		{7D462F0D-AC9F-46DA-9A82-2A0C298B73EB}.Debug|Any CPU.Build.0 = Debug|Any CPU
		{7D462F0D-AC9F-46DA-9A82-2A0C298B73EB}.Release|Any CPU.ActiveCfg = Release|Any CPU
		{7D462F0D-AC9F-46DA-9A82-2A0C298B73EB}.Release|Any CPU.Build.0 = Release|Any CPU
		{C1AEACE4-8A8F-4F84-989C-2109C09CA195}.Debug|Any CPU.ActiveCfg = Debug|Any CPU
		{C1AEACE4-8A8F-4F84-989C-2109C09CA195}.Debug|Any CPU.Build.0 = Debug|Any CPU
		{C1AEACE4-8A8F-4F84-989C-2109C09CA195}.Release|Any CPU.ActiveCfg = Release|Any CPU
		{C1AEACE4-8A8F-4F84-989C-2109C09CA195}.Release|Any CPU.Build.0 = Release|Any CPU
		{3619A27C-C63C-48F8-B7B5-40994982DA36}.Debug|Any CPU.ActiveCfg = Debug|Any CPU
		{3619A27C-C63C-48F8-B7B5-40994982DA36}.Debug|Any CPU.Build.0 = Debug|Any CPU
		{3619A27C-C63C-48F8-B7B5-40994982DA36}.Release|Any CPU.ActiveCfg = Release|Any CPU
		{3619A27C-C63C-48F8-B7B5-40994982DA36}.Release|Any CPU.Build.0 = Release|Any CPU
		{D30D52CD-33F8-44E9-872E-74AFDA0149D0}.Debug|Any CPU.ActiveCfg = Debug|Any CPU
		{D30D52CD-33F8-44E9-872E-74AFDA0149D0}.Debug|Any CPU.Build.0 = Debug|Any CPU
		{D30D52CD-33F8-44E9-872E-74AFDA0149D0}.Release|Any CPU.ActiveCfg = Release|Any CPU
		{D30D52CD-33F8-44E9-872E-74AFDA0149D0}.Release|Any CPU.Build.0 = Release|Any CPU
		{D437ED7E-9BE5-48AD-B170-404D96CCD338}.Debug|Any CPU.ActiveCfg = Debug|Any CPU
		{D437ED7E-9BE5-48AD-B170-404D96CCD338}.Debug|Any CPU.Build.0 = Debug|Any CPU
		{D437ED7E-9BE5-48AD-B170-404D96CCD338}.Release|Any CPU.ActiveCfg = Release|Any CPU
		{D437ED7E-9BE5-48AD-B170-404D96CCD338}.Release|Any CPU.Build.0 = Release|Any CPU
		{2D9D604D-6765-4AD8-9FD4-D314847E2837}.Debug|Any CPU.ActiveCfg = Debug|Any CPU
		{2D9D604D-6765-4AD8-9FD4-D314847E2837}.Debug|Any CPU.Build.0 = Debug|Any CPU
		{2D9D604D-6765-4AD8-9FD4-D314847E2837}.Release|Any CPU.ActiveCfg = Release|Any CPU
		{2D9D604D-6765-4AD8-9FD4-D314847E2837}.Release|Any CPU.Build.0 = Release|Any CPU
		{459C88A1-FAEA-478D-94C5-A76AD27374ED}.Debug|Any CPU.ActiveCfg = Debug|Any CPU
		{459C88A1-FAEA-478D-94C5-A76AD27374ED}.Debug|Any CPU.Build.0 = Debug|Any CPU
		{459C88A1-FAEA-478D-94C5-A76AD27374ED}.Release|Any CPU.ActiveCfg = Release|Any CPU
		{459C88A1-FAEA-478D-94C5-A76AD27374ED}.Release|Any CPU.Build.0 = Release|Any CPU
		{ED74F342-CC21-448D-B7B8-97511A34BF1A}.Debug|Any CPU.ActiveCfg = Debug|Any CPU
		{ED74F342-CC21-448D-B7B8-97511A34BF1A}.Debug|Any CPU.Build.0 = Debug|Any CPU
		{ED74F342-CC21-448D-B7B8-97511A34BF1A}.Release|Any CPU.ActiveCfg = Release|Any CPU
		{ED74F342-CC21-448D-B7B8-97511A34BF1A}.Release|Any CPU.Build.0 = Release|Any CPU
		{C5CF9650-D008-48BA-869E-71636D588F4D}.Debug|Any CPU.ActiveCfg = Debug|Any CPU
		{C5CF9650-D008-48BA-869E-71636D588F4D}.Debug|Any CPU.Build.0 = Debug|Any CPU
		{C5CF9650-D008-48BA-869E-71636D588F4D}.Release|Any CPU.ActiveCfg = Release|Any CPU
		{C5CF9650-D008-48BA-869E-71636D588F4D}.Release|Any CPU.Build.0 = Release|Any CPU
		{C2D94FC1-5905-47CF-B960-3C84B8D0DB8F}.Debug|Any CPU.ActiveCfg = Debug|Any CPU
		{C2D94FC1-5905-47CF-B960-3C84B8D0DB8F}.Debug|Any CPU.Build.0 = Debug|Any CPU
		{C2D94FC1-5905-47CF-B960-3C84B8D0DB8F}.Release|Any CPU.ActiveCfg = Release|Any CPU
		{C2D94FC1-5905-47CF-B960-3C84B8D0DB8F}.Release|Any CPU.Build.0 = Release|Any CPU
		{418E3A99-7419-46C7-83BD-6F2891D4CF99}.Debug|Any CPU.ActiveCfg = Debug|Any CPU
		{418E3A99-7419-46C7-83BD-6F2891D4CF99}.Debug|Any CPU.Build.0 = Debug|Any CPU
		{418E3A99-7419-46C7-83BD-6F2891D4CF99}.Release|Any CPU.ActiveCfg = Release|Any CPU
		{418E3A99-7419-46C7-83BD-6F2891D4CF99}.Release|Any CPU.Build.0 = Release|Any CPU
		{AFD7F538-D701-4182-A425-350E8F9A10E5}.Debug|Any CPU.ActiveCfg = Debug|Any CPU
		{AFD7F538-D701-4182-A425-350E8F9A10E5}.Debug|Any CPU.Build.0 = Debug|Any CPU
		{AFD7F538-D701-4182-A425-350E8F9A10E5}.Release|Any CPU.ActiveCfg = Release|Any CPU
		{AFD7F538-D701-4182-A425-350E8F9A10E5}.Release|Any CPU.Build.0 = Release|Any CPU
		{87A06087-0742-4702-BCB1-6F7A9F097E10}.Debug|Any CPU.ActiveCfg = Debug|Any CPU
		{87A06087-0742-4702-BCB1-6F7A9F097E10}.Debug|Any CPU.Build.0 = Debug|Any CPU
		{87A06087-0742-4702-BCB1-6F7A9F097E10}.Release|Any CPU.ActiveCfg = Release|Any CPU
		{87A06087-0742-4702-BCB1-6F7A9F097E10}.Release|Any CPU.Build.0 = Release|Any CPU
	EndGlobalSection
	GlobalSection(SolutionProperties) = preSolution
		HideSolutionNode = FALSE
	EndGlobalSection
	GlobalSection(NestedProjects) = preSolution
		{53368861-9050-42F0-ADF1-8654E15570F8} = {01363C96-E0D0-46D3-9227-425ABD76662B}
		{A289C4D0-3336-4476-963F-DE3F8A023113} = {01363C96-E0D0-46D3-9227-425ABD76662B}
		{47563AE7-F49D-4298-AB5E-3E49E7C05A89} = {01363C96-E0D0-46D3-9227-425ABD76662B}
		{44E17CD7-401C-49C5-84E8-E15F4CE34279} = {01363C96-E0D0-46D3-9227-425ABD76662B}
		{A9E4595B-40B1-4833-93F6-99683794B0A1} = {01363C96-E0D0-46D3-9227-425ABD76662B}
		{DBDA4116-AFBA-44DE-BE7B-6BCDEA9E65ED} = {33784108-976B-4911-9DA7-2B0A1D529B33}
		{7D462F0D-AC9F-46DA-9A82-2A0C298B73EB} = {33784108-976B-4911-9DA7-2B0A1D529B33}
		{C1AEACE4-8A8F-4F84-989C-2109C09CA195} = {33784108-976B-4911-9DA7-2B0A1D529B33}
		{3619A27C-C63C-48F8-B7B5-40994982DA36} = {33784108-976B-4911-9DA7-2B0A1D529B33}
		{D30D52CD-33F8-44E9-872E-74AFDA0149D0} = {33784108-976B-4911-9DA7-2B0A1D529B33}
		{D437ED7E-9BE5-48AD-B170-404D96CCD338} = {B10F3152-A18F-471C-95F6-B55DB4374D41}
		{2D9D604D-6765-4AD8-9FD4-D314847E2837} = {B10F3152-A18F-471C-95F6-B55DB4374D41}
		{459C88A1-FAEA-478D-94C5-A76AD27374ED} = {B10F3152-A18F-471C-95F6-B55DB4374D41}
		{ED74F342-CC21-448D-B7B8-97511A34BF1A} = {B10F3152-A18F-471C-95F6-B55DB4374D41}
		{C5CF9650-D008-48BA-869E-71636D588F4D} = {93122274-AAF2-4668-B183-1AE1BFFB3952}
		{C2D94FC1-5905-47CF-B960-3C84B8D0DB8F} = {93122274-AAF2-4668-B183-1AE1BFFB3952}
		{418E3A99-7419-46C7-83BD-6F2891D4CF99} = {93122274-AAF2-4668-B183-1AE1BFFB3952}
		{AFD7F538-D701-4182-A425-350E8F9A10E5} = {93122274-AAF2-4668-B183-1AE1BFFB3952}
		{87A06087-0742-4702-BCB1-6F7A9F097E10} = {DD2E00A3-E74A-4957-BED5-B838C3CF21B7}
	EndGlobalSection
	GlobalSection(ExtensibilityGlobals) = postSolution
		SolutionGuid = {748E4E0F-47BC-495F-B722-D817CB75816B}
	EndGlobalSection
EndGlobal
